{
  "nodes": {
    "nixpkgs": {
      "locked": {
        "lastModified": 1770136044,
        "narHash": "sha256-UCoARf86JKuGdvpVl6ZIWYcpwH2gU70+fBEAfmluD0M=",
        "rev": "e576e3c9cf9bad747afcddd9e34f51d18c855b4e",
        "type": "tarball",
        "url": "https://releases.nixos.org/nixos/25.11/nixos-25.11.5198.e576e3c9cf9b/nixexprs.tar.xz"
      },
      "original": {
        "type": "tarball",
        "url": "https://nixpkgs.flake.andre4ik3.dev"
      }
    },
    "root": {
      "inputs": {
        "nixpkgs": "nixpkgs"
      }
    }
  },
  "root": "root",
  "version": 7
}
