{
  "nodes": {
    "nixpkgs": {
      "locked": {
        "lastModified": 1767047869,
        "narHash": "sha256-pDCoOf3xsjebMClPROtREBph2fqGQgRAb0ejIdOHd1I=",
        "rev": "89dbf01df72eb5ebe3b24a86334b12c27d68016a",
        "type": "tarball",
        "url": "https://releases.nixos.org/nixos/25.11/nixos-25.11.2793.89dbf01df72e/nixexprs.tar.xz"
      },
      "original": {
        "type": "tarball",
        "url": "https://nixpkgs.flake.andre4ik3.dev"
      }
    },
    "root": {
      "inputs": {
        "nixpkgs": "nixpkgs"
      }
    }
  },
  "root": "root",
  "version": 7
}
